
Microsoft Visual Studio Solution File, Format Version 12.00
# Visual Studio Version 17
VisualStudioVersion = 17.9.34622.214
MinimumVisualStudioVersion = 10.0.40219.1
Project("{FAE04EC0-301F-11D3-BF4B-00C04F79EFBC}") = "earrings-api", "earrings-api\earrings-api.csproj", "{308D1D4E-9D3A-47A8-96F5-B927B0E35F4E}"
EndProject
Global
	GlobalSection(SolutionConfigurationPlatforms) = preSolution
		Debug|Any CPU = Debug|Any CPU
		Release|Any CPU = Release|Any CPU
	EndGlobalSection
	GlobalSection(ProjectConfigurationPlatforms) = postSolution
		{308D1D4E-9D3A-47A8-96F5-B927B0E35F4E}.Debug|Any CPU.ActiveCfg = Debug|Any CPU
		{308D1D4E-9D3A-47A8-96F5-B927B0E35F4E}.Debug|Any CPU.Build.0 = Debug|Any CPU
		{308D1D4E-9D3A-47A8-96F5-B927B0E35F4E}.Release|Any CPU.ActiveCfg = Release|Any CPU
		{308D1D4E-9D3A-47A8-96F5-B927B0E35F4E}.Release|Any CPU.Build.0 = Release|Any CPU
	EndGlobalSection
	GlobalSection(SolutionProperties) = preSolution
		HideSolutionNode = FALSE
	EndGlobalSection
	GlobalSection(ExtensibilityGlobals) = postSolution
		SolutionGuid = {09D8F403-4158-4491-9014-A33BCB842E50}
	EndGlobalSection
EndGlobal
